
Microsoft Visual Studio Solution File, Format Version 12.00
# Visual Studio Version 16
VisualStudioVersion = 16.0.32126.315
MinimumVisualStudioVersion = 10.0.40219.1
Project("{FAE04EC0-301F-11D3-BF4B-00C04F79EFBC}") = "prjOOPExample", "prjOOPExample.csproj", "{88F4F0A7-594D-4D0A-BE82-5C14A9FD0EA4}"
EndProject
Global
	GlobalSection(SolutionConfigurationPlatforms) = preSolution
		Debug|Any CPU = Debug|Any CPU
		Release|Any CPU = Release|Any CPU
	EndGlobalSection
	GlobalSection(ProjectConfigurationPlatforms) = postSolution
		{88F4F0A7-594D-4D0A-BE82-5C14A9FD0EA4}.Debug|Any CPU.ActiveCfg = Debug|Any CPU
		{88F4F0A7-594D-4D0A-BE82-5C14A9FD0EA4}.Debug|Any CPU.Build.0 = Debug|Any CPU
		{88F4F0A7-594D-4D0A-BE82-5C14A9FD0EA4}.Release|Any CPU.ActiveCfg = Release|Any CPU
		{88F4F0A7-594D-4D0A-BE82-5C14A9FD0EA4}.Release|Any CPU.Build.0 = Release|Any CPU
	EndGlobalSection
	GlobalSection(SolutionProperties) = preSolution
		HideSolutionNode = FALSE
	EndGlobalSection
	GlobalSection(ExtensibilityGlobals) = postSolution
		SolutionGuid = {1F97AB1A-BE62-426A-9568-BA650D858D2F}
	EndGlobalSection
EndGlobal
